
Microsoft Visual Studio Solution File, Format Version 12.00
# Visual Studio Version 17
VisualStudioVersion = 17.14.36804.6
MinimumVisualStudioVersion = 10.0.40219.1
Project("{FAE04EC0-301F-11D3-BF4B-00C04F79EFBC}") = "EventHub.API", "EventHub.API\EventHub.API.csproj", "{7C040BD3-5BD5-427D-BC66-DC42145AE2C6}"
EndProject
Project("{FAE04EC0-301F-11D3-BF4B-00C04F79EFBC}") = "EventHub.Domain", "EventHub.Domain\EventHub.Domain.csproj", "{7E517506-B0B7-4E26-8381-6A323C69ECB3}"
EndProject
Project("{FAE04EC0-301F-11D3-BF4B-00C04F79EFBC}") = "EventHub.Application", "EventHub.Application\EventHub.Application.csproj", "{7FFCA571-AE32-4DB6-87E2-4913A9916016}"
EndProject
Project("{FAE04EC0-301F-11D3-BF4B-00C04F79EFBC}") = "EventHub.Infrastructure", "EventHub.Infrastructure\EventHub.Infrastructure.csproj", "{C5D5565D-21AD-4619-910C-6FC980265321}"
EndProject
Project("{2150E333-8FDC-42A3-9474-1A3956D46DE8}") = "Solution Items", "Solution Items", "{8EC462FD-D22E-90A8-E5CE-7E832BA40C5D}"
	ProjectSection(SolutionItems) = preProject
		README.md = README.md
	EndProjectSection
EndProject
Global
	GlobalSection(SolutionConfigurationPlatforms) = preSolution
		Debug|Any CPU = Debug|Any CPU
		Release|Any CPU = Release|Any CPU
	EndGlobalSection
	GlobalSection(ProjectConfigurationPlatforms) = postSolution
		{7C040BD3-5BD5-427D-BC66-DC42145AE2C6}.Debug|Any CPU.ActiveCfg = Debug|Any CPU
		{7C040BD3-5BD5-427D-BC66-DC42145AE2C6}.Debug|Any CPU.Build.0 = Debug|Any CPU
		{7C040BD3-5BD5-427D-BC66-DC42145AE2C6}.Release|Any CPU.ActiveCfg = Release|Any CPU
		{7C040BD3-5BD5-427D-BC66-DC42145AE2C6}.Release|Any CPU.Build.0 = Release|Any CPU
		{7E517506-B0B7-4E26-8381-6A323C69ECB3}.Debug|Any CPU.ActiveCfg = Debug|Any CPU
		{7E517506-B0B7-4E26-8381-6A323C69ECB3}.Debug|Any CPU.Build.0 = Debug|Any CPU
		{7E517506-B0B7-4E26-8381-6A323C69ECB3}.Release|Any CPU.ActiveCfg = Release|Any CPU
		{7E517506-B0B7-4E26-8381-6A323C69ECB3}.Release|Any CPU.Build.0 = Release|Any CPU
		{7FFCA571-AE32-4DB6-87E2-4913A9916016}.Debug|Any CPU.ActiveCfg = Debug|Any CPU
		{7FFCA571-AE32-4DB6-87E2-4913A9916016}.Debug|Any CPU.Build.0 = Debug|Any CPU
		{7FFCA571-AE32-4DB6-87E2-4913A9916016}.Release|Any CPU.ActiveCfg = Release|Any CPU
		{7FFCA571-AE32-4DB6-87E2-4913A9916016}.Release|Any CPU.Build.0 = Release|Any CPU
		{C5D5565D-21AD-4619-910C-6FC980265321}.Debug|Any CPU.ActiveCfg = Debug|Any CPU
		{C5D5565D-21AD-4619-910C-6FC980265321}.Debug|Any CPU.Build.0 = Debug|Any CPU
		{C5D5565D-21AD-4619-910C-6FC980265321}.Release|Any CPU.ActiveCfg = Release|Any CPU
		{C5D5565D-21AD-4619-910C-6FC980265321}.Release|Any CPU.Build.0 = Release|Any CPU
	EndGlobalSection
	GlobalSection(SolutionProperties) = preSolution
		HideSolutionNode = FALSE
	EndGlobalSection
	GlobalSection(ExtensibilityGlobals) = postSolution
		SolutionGuid = {2E1EE396-166C-4F5F-B885-A84F97CA3D98}
	EndGlobalSection
EndGlobal
